// !$*UTF8*$!
{
	archiveVersion = 1;
	classes = {
	};
	objectVersion = 56;
	objects = {

/* Begin PBXBuildFile section */
		0807BB6528E84674004F0AF1 /* Helper.swift in Sources */ = {isa = PBXBuildFile; fileRef = 0807BB6428E84674004F0AF1 /* Helper.swift */; };
		0807BB6828E84C49004F0AF1 /* MyStackViewController.swift in Sources */ = {isa = PBXBuildFile; fileRef = 0807BB6728E84C49004F0AF1 /* MyStackViewController.swift */; };
		084A799A28E541EA00846FB3 /* AppDelegate.swift in Sources */ = {isa = PBXBuildFile; fileRef = 084A799928E541EA00846FB3 /* AppDelegate.swift */; };
		084A799C28E541EA00846FB3 /* SceneDelegate.swift in Sources */ = {isa = PBXBuildFile; fileRef = 084A799B28E541EA00846FB3 /* SceneDelegate.swift */; };
		084A799E28E541EA00846FB3 /* ViewController.swift in Sources */ = {isa = PBXBuildFile; fileRef = 084A799D28E541EA00846FB3 /* ViewController.swift */; };
		084A79A128E541EA00846FB3 /* Main.storyboard in Resources */ = {isa = PBXBuildFile; fileRef = 084A799F28E541EA00846FB3 /* Main.storyboard */; };
		084A79A328E541ED00846FB3 /* Assets.xcassets in Resources */ = {isa = PBXBuildFile; fileRef = 084A79A228E541ED00846FB3 /* Assets.xcassets */; };
		084A79A628E541ED00846FB3 /* LaunchScreen.storyboard in Resources */ = {isa = PBXBuildFile; fileRef = 084A79A428E541ED00846FB3 /* LaunchScreen.storyboard */; };
		088FC51528E5531600CD141B /* ConstraintViewController.swift in Sources */ = {isa = PBXBuildFile; fileRef = 088FC51428E5531600CD141B /* ConstraintViewController.swift */; };
		088FC51B28E574EA00CD141B /* MyTableViewController.swift in Sources */ = {isa = PBXBuildFile; fileRef = 088FC51A28E574EA00CD141B /* MyTableViewController.swift */; };
		088FC52428E6A32200CD141B /* CollectionViewController.swift in Sources */ = {isa = PBXBuildFile; fileRef = 088FC52328E6A32200CD141B /* CollectionViewController.swift */; };
		088FC52728E6A8F000CD141B /* CustomUICollectionViewCell.swift in Sources */ = {isa = PBXBuildFile; fileRef = 088FC52628E6A8F000CD141B /* CustomUICollectionViewCell.swift */; };
		088FC52B28E6DF3B00CD141B /* TableViewCell.swift in Sources */ = {isa = PBXBuildFile; fileRef = 088FC52928E6DF3B00CD141B /* TableViewCell.swift */; };
		088FC52C28E6DF3B00CD141B /* MyView.swift in Sources */ = {isa = PBXBuildFile; fileRef = 088FC52A28E6DF3B00CD141B /* MyView.swift */; };
		088FC52F28E6E58300CD141B /* TableAndCollectionViewController.swift in Sources */ = {isa = PBXBuildFile; fileRef = 088FC52E28E6E58300CD141B /* TableAndCollectionViewController.swift */; };
		088FC53128E6E9A800CD141B /* CustomUITableViewCell.swift in Sources */ = {isa = PBXBuildFile; fileRef = 088FC53028E6E9A800CD141B /* CustomUITableViewCell.swift */; };
		0892056628EA7E6D00AAC219 /* TabBarController.swift in Sources */ = {isa = PBXBuildFile; fileRef = 0892056528EA7E6D00AAC219 /* TabBarController.swift */; };
/* End PBXBuildFile section */

/* Begin PBXFileReference section */
		0807BB6428E84674004F0AF1 /* Helper.swift */ = {isa = PBXFileReference; lastKnownFileType = sourcecode.swift; path = Helper.swift; sourceTree = "<group>"; };
		0807BB6728E84C49004F0AF1 /* MyStackViewController.swift */ = {isa = PBXFileReference; lastKnownFileType = sourcecode.swift; path = MyStackViewController.swift; sourceTree = "<group>"; };
		084A799628E541EA00846FB3 /* LearnConstraint.app */ = {isa = PBXFileReference; explicitFileType = wrapper.application; includeInIndex = 0; path = LearnConstraint.app; sourceTree = BUILT_PRODUCTS_DIR; };
		084A799928E541EA00846FB3 /* AppDelegate.swift */ = {isa = PBXFileReference; lastKnownFileType = sourcecode.swift; path = AppDelegate.swift; sourceTree = "<group>"; };
		084A799B28E541EA00846FB3 /* SceneDelegate.swift */ = {isa = PBXFileReference; lastKnownFileType = sourcecode.swift; path = SceneDelegate.swift; sourceTree = "<group>"; };
		084A799D28E541EA00846FB3 /* ViewController.swift */ = {isa = PBXFileReference; lastKnownFileType = sourcecode.swift; path = ViewController.swift; sourceTree = "<group>"; };
		084A79A028E541EA00846FB3 /* Base */ = {isa = PBXFileReference; lastKnownFileType = file.storyboard; name = Base; path = Base.lproj/Main.storyboard; sourceTree = "<group>"; };
		084A79A228E541ED00846FB3 /* Assets.xcassets */ = {isa = PBXFileReference; lastKnownFileType = folder.assetcatalog; path = Assets.xcassets; sourceTree = "<group>"; };
		084A79A528E541ED00846FB3 /* Base */ = {isa = PBXFileReference; lastKnownFileType = file.storyboard; name = Base; path = Base.lproj/LaunchScreen.storyboard; sourceTree = "<group>"; };
		084A79A728E541ED00846FB3 /* Info.plist */ = {isa = PBXFileReference; lastKnownFileType = text.plist.xml; path = Info.plist; sourceTree = "<group>"; };
		088FC51428E5531600CD141B /* ConstraintViewController.swift */ = {isa = PBXFileReference; lastKnownFileType = sourcecode.swift; path = ConstraintViewController.swift; sourceTree = "<group>"; };
		088FC51A28E574EA00CD141B /* MyTableViewController.swift */ = {isa = PBXFileReference; lastKnownFileType = sourcecode.swift; path = MyTableViewController.swift; sourceTree = "<group>"; };
		088FC52328E6A32200CD141B /* CollectionViewController.swift */ = {isa = PBXFileReference; lastKnownFileType = sourcecode.swift; path = CollectionViewController.swift; sourceTree = "<group>"; };
		088FC52628E6A8F000CD141B /* CustomUICollectionViewCell.swift */ = {isa = PBXFileReference; lastKnownFileType = sourcecode.swift; path = CustomUICollectionViewCell.swift; sourceTree = "<group>"; };
		088FC52928E6DF3B00CD141B /* TableViewCell.swift */ = {isa = PBXFileReference; fileEncoding = 4; lastKnownFileType = sourcecode.swift; path = TableViewCell.swift; sourceTree = "<group>"; };
		088FC52A28E6DF3B00CD141B /* MyView.swift */ = {isa = PBXFileReference; fileEncoding = 4; lastKnownFileType = sourcecode.swift; path = MyView.swift; sourceTree = "<group>"; };
		088FC52E28E6E58300CD141B /* TableAndCollectionViewController.swift */ = {isa = PBXFileReference; lastKnownFileType = sourcecode.swift; path = TableAndCollectionViewController.swift; sourceTree = "<group>"; };
		088FC53028E6E9A800CD141B /* CustomUITableViewCell.swift */ = {isa = PBXFileReference; lastKnownFileType = sourcecode.swift; path = CustomUITableViewCell.swift; sourceTree = "<group>"; };
		0892056528EA7E6D00AAC219 /* TabBarController.swift */ = {isa = PBXFileReference; lastKnownFileType = sourcecode.swift; path = TabBarController.swift; sourceTree = "<group>"; };
/* End PBXFileReference section */

/* Begin PBXFrameworksBuildPhase section */
		084A799328E541EA00846FB3 /* Frameworks */ = {
			isa = PBXFrameworksBuildPhase;
			buildActionMask = 2147483647;
			files = (
			);
			runOnlyForDeploymentPostprocessing = 0;
		};
/* End PBXFrameworksBuildPhase section */

/* Begin PBXGroup section */
		0807BB6628E84C2D004F0AF1 /* stack_view */ = {
			isa = PBXGroup;
			children = (
				0807BB6728E84C49004F0AF1 /* MyStackViewController.swift */,
			);
			path = stack_view;
			sourceTree = "<group>";
		};
		084A798D28E541EA00846FB3 = {
			isa = PBXGroup;
			children = (
				0892056428EA7E2100AAC219 /* tab_bar_controller */,
				0807BB6628E84C2D004F0AF1 /* stack_view */,
				088FC52D28E6E54600CD141B /* table_view_and_collection_view */,
				088FC52828E6DD7E00CD141B /* contraint_view */,
				088FC52528E6A8C500CD141B /* collection_view */,
				088FC51328E552EE00CD141B /* table_view */,
				084A799828E541EA00846FB3 /* LearnConstraint */,
				084A799728E541EA00846FB3 /* Products */,
			);
			sourceTree = "<group>";
		};
		084A799728E541EA00846FB3 /* Products */ = {
			isa = PBXGroup;
			children = (
				084A799628E541EA00846FB3 /* LearnConstraint.app */,
			);
			name = Products;
			sourceTree = "<group>";
		};
		084A799828E541EA00846FB3 /* LearnConstraint */ = {
			isa = PBXGroup;
			children = (
				084A799928E541EA00846FB3 /* AppDelegate.swift */,
				084A799B28E541EA00846FB3 /* SceneDelegate.swift */,
				084A799D28E541EA00846FB3 /* ViewController.swift */,
				084A799F28E541EA00846FB3 /* Main.storyboard */,
				084A79A228E541ED00846FB3 /* Assets.xcassets */,
				084A79A428E541ED00846FB3 /* LaunchScreen.storyboard */,
				084A79A728E541ED00846FB3 /* Info.plist */,
				0807BB6428E84674004F0AF1 /* Helper.swift */,
			);
			path = LearnConstraint;
			sourceTree = "<group>";
		};
		088FC51328E552EE00CD141B /* table_view */ = {
			isa = PBXGroup;
			children = (
				088FC52A28E6DF3B00CD141B /* MyView.swift */,
				088FC52928E6DF3B00CD141B /* TableViewCell.swift */,
				088FC51A28E574EA00CD141B /* MyTableViewController.swift */,
			);
			path = table_view;
			sourceTree = "<group>";
		};
		088FC52528E6A8C500CD141B /* collection_view */ = {
			isa = PBXGroup;
			children = (
				088FC52328E6A32200CD141B /* CollectionViewController.swift */,
				088FC52628E6A8F000CD141B /* CustomUICollectionViewCell.swift */,
			);
			path = collection_view;
			sourceTree = "<group>";
		};
		088FC52828E6DD7E00CD141B /* contraint_view */ = {
			isa = PBXGroup;
			children = (
				088FC51428E5531600CD141B /* ConstraintViewController.swift */,
			);
			path = contraint_view;
			sourceTree = "<group>";
		};
		088FC52D28E6E54600CD141B /* table_view_and_collection_view */ = {
			isa = PBXGroup;
			children = (
				088FC52E28E6E58300CD141B /* TableAndCollectionViewController.swift */,
				088FC53028E6E9A800CD141B /* CustomUITableViewCell.swift */,
			);
			path = table_view_and_collection_view;
			sourceTree = "<group>";
		};
		0892056428EA7E2100AAC219 /* tab_bar_controller */ = {
			isa = PBXGroup;
			children = (
				0892056528EA7E6D00AAC219 /* TabBarController.swift */,
			);
			path = tab_bar_controller;
			sourceTree = "<group>";
		};
/* End PBXGroup section */

/* Begin PBXNativeTarget section */
		084A799528E541EA00846FB3 /* LearnConstraint */ = {
			isa = PBXNativeTarget;
			buildConfigurationList = 084A79AA28E541ED00846FB3 /* Build configuration list for PBXNativeTarget "LearnConstraint" */;
			buildPhases = (
				084A799228E541EA00846FB3 /* Sources */,
				084A799328E541EA00846FB3 /* Frameworks */,
				084A799428E541EA00846FB3 /* Resources */,
			);
			buildRules = (
			);
			dependencies = (
			);
			name = LearnConstraint;
			productName = LearnConstraint;
			productReference = 084A799628E541EA00846FB3 /* LearnConstraint.app */;
			productType = "com.apple.product-type.application";
		};
/* End PBXNativeTarget section */

/* Begin PBXProject section */
		084A798E28E541EA00846FB3 /* Project object */ = {
			isa = PBXProject;
			attributes = {
				BuildIndependentTargetsInParallel = 1;
				LastSwiftUpdateCheck = 1400;
				LastUpgradeCheck = 1400;
				TargetAttributes = {
					084A799528E541EA00846FB3 = {
						CreatedOnToolsVersion = 14.0;
					};
				};
			};
			buildConfigurationList = 084A799128E541EA00846FB3 /* Build configuration list for PBXProject "LearnConstraint" */;
			compatibilityVersion = "Xcode 14.0";
			developmentRegion = en;
			hasScannedForEncodings = 0;
			knownRegions = (
				en,
				Base,
			);
			mainGroup = 084A798D28E541EA00846FB3;
			productRefGroup = 084A799728E541EA00846FB3 /* Products */;
			projectDirPath = "";
			projectRoot = "";
			targets = (
				084A799528E541EA00846FB3 /* LearnConstraint */,
			);
		};
/* End PBXProject section */

/* Begin PBXResourcesBuildPhase section */
		084A799428E541EA00846FB3 /* Resources */ = {
			isa = PBXResourcesBuildPhase;
			buildActionMask = 2147483647;
			files = (
				084A79A628E541ED00846FB3 /* LaunchScreen.storyboard in Resources */,
				084A79A328E541ED00846FB3 /* Assets.xcassets in Resources */,
				084A79A128E541EA00846FB3 /* Main.storyboard in Resources */,
			);
			runOnlyForDeploymentPostprocessing = 0;
		};
/* End PBXResourcesBuildPhase section */

/* Begin PBXSourcesBuildPhase section */
		084A799228E541EA00846FB3 /* Sources */ = {
			isa = PBXSourcesBuildPhase;
			buildActionMask = 2147483647;
			files = (
				088FC52728E6A8F000CD141B /* CustomUICollectionViewCell.swift in Sources */,
				088FC52F28E6E58300CD141B /* TableAndCollectionViewController.swift in Sources */,
				088FC52B28E6DF3B00CD141B /* TableViewCell.swift in Sources */,
				088FC53128E6E9A800CD141B /* CustomUITableViewCell.swift in Sources */,
				084A799E28E541EA00846FB3 /* ViewController.swift in Sources */,
				088FC52C28E6DF3B00CD141B /* MyView.swift in Sources */,
				0807BB6828E84C49004F0AF1 /* MyStackViewController.swift in Sources */,
				088FC51B28E574EA00CD141B /* MyTableViewController.swift in Sources */,
				088FC51528E5531600CD141B /* ConstraintViewController.swift in Sources */,
				088FC52428E6A32200CD141B /* CollectionViewController.swift in Sources */,
				084A799A28E541EA00846FB3 /* AppDelegate.swift in Sources */,
				0892056628EA7E6D00AAC219 /* TabBarController.swift in Sources */,
				084A799C28E541EA00846FB3 /* SceneDelegate.swift in Sources */,
				0807BB6528E84674004F0AF1 /* Helper.swift in Sources */,
			);
			runOnlyForDeploymentPostprocessing = 0;
		};
/* End PBXSourcesBuildPhase section */

/* Begin PBXVariantGroup section */
		084A799F28E541EA00846FB3 /* Main.storyboard */ = {
			isa = PBXVariantGroup;
			children = (
				084A79A028E541EA00846FB3 /* Base */,
			);
			name = Main.storyboard;
			sourceTree = "<group>";
		};
		084A79A428E541ED00846FB3 /* LaunchScreen.storyboard */ = {
			isa = PBXVariantGroup;
			children = (
				084A79A528E541ED00846FB3 /* Base */,
			);
			name = LaunchScreen.storyboard;
			sourceTree = "<group>";
		};
/* End PBXVariantGroup section */

/* Begin XCBuildConfiguration section */
		084A79A828E541ED00846FB3 /* Debug */ = {
			isa = XCBuildConfiguration;
			buildSettings = {
				ALWAYS_SEARCH_USER_PATHS = NO;
				CLANG_ANALYZER_NONNULL = YES;
				CLANG_ANALYZER_NUMBER_OBJECT_CONVERSION = YES_AGGRESSIVE;
				CLANG_CXX_LANGUAGE_STANDARD = "gnu++20";
				CLANG_ENABLE_MODULES = YES;
				CLANG_ENABLE_OBJC_ARC = YES;
				CLANG_ENABLE_OBJC_WEAK = YES;
				CLANG_WARN_BLOCK_CAPTURE_AUTORELEASING = YES;
				CLANG_WARN_BOOL_CONVERSION = YES;
				CLANG_WARN_COMMA = YES;
				CLANG_WARN_CONSTANT_CONVERSION = YES;
				CLANG_WARN_DEPRECATED_OBJC_IMPLEMENTATIONS = YES;
				CLANG_WARN_DIRECT_OBJC_ISA_USAGE = YES_ERROR;
				CLANG_WARN_DOCUMENTATION_COMMENTS = YES;
				CLANG_WARN_EMPTY_BODY = YES;
				CLANG_WARN_ENUM_CONVERSION = YES;
				CLANG_WARN_INFINITE_RECURSION = YES;
				CLANG_WARN_INT_CONVERSION = YES;
				CLANG_WARN_NON_LITERAL_NULL_CONVERSION = YES;
				CLANG_WARN_OBJC_IMPLICIT_RETAIN_SELF = YES;
				CLANG_WARN_OBJC_LITERAL_CONVERSION = YES;
				CLANG_WARN_OBJC_ROOT_CLASS = YES_ERROR;
				CLANG_WARN_QUOTED_INCLUDE_IN_FRAMEWORK_HEADER = YES;
				CLANG_WARN_RANGE_LOOP_ANALYSIS = YES;
				CLANG_WARN_STRICT_PROTOTYPES = YES;
				CLANG_WARN_SUSPICIOUS_MOVE = YES;
				CLANG_WARN_UNGUARDED_AVAILABILITY = YES_AGGRESSIVE;
				CLANG_WARN_UNREACHABLE_CODE = YES;
				CLANG_WARN__DUPLICATE_METHOD_MATCH = YES;
				COPY_PHASE_STRIP = NO;
				DEBUG_INFORMATION_FORMAT = dwarf;
				ENABLE_STRICT_OBJC_MSGSEND = YES;
				ENABLE_TESTABILITY = YES;
				GCC_C_LANGUAGE_STANDARD = gnu11;
				GCC_DYNAMIC_NO_PIC = NO;
				GCC_NO_COMMON_BLOCKS = YES;
				GCC_OPTIMIZATION_LEVEL = 0;
				GCC_PREPROCESSOR_DEFINITIONS = (
					"DEBUG=1",
					"$(inherited)",
				);
				GCC_WARN_64_TO_32_BIT_CONVERSION = YES;
				GCC_WARN_ABOUT_RETURN_TYPE = YES_ERROR;
				GCC_WARN_UNDECLARED_SELECTOR = YES;
				GCC_WARN_UNINITIALIZED_AUTOS = YES_AGGRESSIVE;
				GCC_WARN_UNUSED_FUNCTION = YES;
				GCC_WARN_UNUSED_VARIABLE = YES;
				IPHONEOS_DEPLOYMENT_TARGET = 16.0;
				MTL_ENABLE_DEBUG_INFO = INCLUDE_SOURCE;
				MTL_FAST_MATH = YES;
				ONLY_ACTIVE_ARCH = YES;
				SDKROOT = iphoneos;
				SWIFT_ACTIVE_COMPILATION_CONDITIONS = DEBUG;
				SWIFT_OPTIMIZATION_LEVEL = "-Onone";
			};
			name = Debug;
		};
		084A79A928E541ED00846FB3 /* Release */ = {
			isa = XCBuildConfiguration;
			buildSettings = {
				ALWAYS_SEARCH_USER_PATHS = NO;
				CLANG_ANALYZER_NONNULL = YES;
				CLANG_ANALYZER_NUMBER_OBJECT_CONVERSION = YES_AGGRESSIVE;
				CLANG_CXX_LANGUAGE_STANDARD = "gnu++20";
				CLANG_ENABLE_MODULES = YES;
				CLANG_ENABLE_OBJC_ARC = YES;
				CLANG_ENABLE_OBJC_WEAK = YES;
				CLANG_WARN_BLOCK_CAPTURE_AUTORELEASING = YES;
				CLANG_WARN_BOOL_CONVERSION = YES;
				CLANG_WARN_COMMA = YES;
				CLANG_WARN_CONSTANT_CONVERSION = YES;
				CLANG_WARN_DEPRECATED_OBJC_IMPLEMENTATIONS = YES;
				CLANG_WARN_DIRECT_OBJC_ISA_USAGE = YES_ERROR;
				CLANG_WARN_DOCUMENTATION_COMMENTS = YES;
				CLANG_WARN_EMPTY_BODY = YES;
				CLANG_WARN_ENUM_CONVERSION = YES;
				CLANG_WARN_INFINITE_RECURSION = YES;
				CLANG_WARN_INT_CONVERSION = YES;
				CLANG_WARN_NON_LITERAL_NULL_CONVERSION = YES;
				CLANG_WARN_OBJC_IMPLICIT_RETAIN_SELF = YES;
				CLANG_WARN_OBJC_LITERAL_CONVERSION = YES;
				CLANG_WARN_OBJC_ROOT_CLASS = YES_ERROR;
				CLANG_WARN_QUOTED_INCLUDE_IN_FRAMEWORK_HEADER = YES;
				CLANG_WARN_RANGE_LOOP_ANALYSIS = YES;
				CLANG_WARN_STRICT_PROTOTYPES = YES;
				CLANG_WARN_SUSPICIOUS_MOVE = YES;
				CLANG_WARN_UNGUARDED_AVAILABILITY = YES_AGGRESSIVE;
				CLANG_WARN_UNREACHABLE_CODE = YES;
				CLANG_WARN__DUPLICATE_METHOD_MATCH = YES;
				COPY_PHASE_STRIP = NO;
				DEBUG_INFORMATION_FORMAT = "dwarf-with-dsym";
				ENABLE_NS_ASSERTIONS = NO;
				ENABLE_STRICT_OBJC_MSGSEND = YES;
				GCC_C_LANGUAGE_STANDARD = gnu11;
				GCC_NO_COMMON_BLOCKS = YES;
				GCC_WARN_64_TO_32_BIT_CONVERSION = YES;
				GCC_WARN_ABOUT_RETURN_TYPE = YES_ERROR;
				GCC_WARN_UNDECLARED_SELECTOR = YES;
				GCC_WARN_UNINITIALIZED_AUTOS = YES_AGGRESSIVE;
				GCC_WARN_UNUSED_FUNCTION = YES;
				GCC_WARN_UNUSED_VARIABLE = YES;
				IPHONEOS_DEPLOYMENT_TARGET = 16.0;
				MTL_ENABLE_DEBUG_INFO = NO;
				MTL_FAST_MATH = YES;
				SDKROOT = iphoneos;
				SWIFT_COMPILATION_MODE = wholemodule;
				SWIFT_OPTIMIZATION_LEVEL = "-O";
				VALIDATE_PRODUCT = YES;
			};
			name = Release;
		};
		084A79AB28E541ED00846FB3 /* Debug */ = {
			isa = XCBuildConfiguration;
			buildSettings = {
				ASSETCATALOG_COMPILER_APPICON_NAME = AppIcon;
				ASSETCATALOG_COMPILER_GLOBAL_ACCENT_COLOR_NAME = AccentColor;
				CODE_SIGN_STYLE = Automatic;
				CURRENT_PROJECT_VERSION = 1;
				GENERATE_INFOPLIST_FILE = YES;
				INFOPLIST_FILE = LearnConstraint/Info.plist;
				INFOPLIST_KEY_UIApplicationSupportsIndirectInputEvents = YES;
				INFOPLIST_KEY_UILaunchStoryboardName = LaunchScreen;
				INFOPLIST_KEY_UIMainStoryboardFile = Main;
				INFOPLIST_KEY_UISupportedInterfaceOrientations_iPad = "UIInterfaceOrientationPortrait UIInterfaceOrientationPortraitUpsideDown UIInterfaceOrientationLandscapeLeft UIInterfaceOrientationLandscapeRight";
				INFOPLIST_KEY_UISupportedInterfaceOrientations_iPhone = "UIInterfaceOrientationPortrait UIInterfaceOrientationLandscapeLeft UIInterfaceOrientationLandscapeRight";
				LD_RUNPATH_SEARCH_PATHS = (
					"$(inherited)",
					"@executable_path/Frameworks",
				);
				MARKETING_VERSION = 1.0;
				PRODUCT_BUNDLE_IDENTIFIER = com.ln.LearnConstraint;
				PRODUCT_NAME = "$(TARGET_NAME)";
				SWIFT_EMIT_LOC_STRINGS = YES;
				SWIFT_VERSION = 5.0;
				TARGETED_DEVICE_FAMILY = "1,2";
			};
			name = Debug;
		};
		084A79AC28E541ED00846FB3 /* Release */ = {
			isa = XCBuildConfiguration;
			buildSettings = {
				ASSETCATALOG_COMPILER_APPICON_NAME = AppIcon;
				ASSETCATALOG_COMPILER_GLOBAL_ACCENT_COLOR_NAME = AccentColor;
				CODE_SIGN_STYLE = Automatic;
				CURRENT_PROJECT_VERSION = 1;
				GENERATE_INFOPLIST_FILE = YES;
				INFOPLIST_FILE = LearnConstraint/Info.plist;
				INFOPLIST_KEY_UIApplicationSupportsIndirectInputEvents = YES;
				INFOPLIST_KEY_UILaunchStoryboardName = LaunchScreen;
				INFOPLIST_KEY_UIMainStoryboardFile = Main;
				INFOPLIST_KEY_UISupportedInterfaceOrientations_iPad = "UIInterfaceOrientationPortrait UIInterfaceOrientationPortraitUpsideDown UIInterfaceOrientationLandscapeLeft UIInterfaceOrientationLandscapeRight";
				INFOPLIST_KEY_UISupportedInterfaceOrientations_iPhone = "UIInterfaceOrientationPortrait UIInterfaceOrientationLandscapeLeft UIInterfaceOrientationLandscapeRight";
				LD_RUNPATH_SEARCH_PATHS = (
					"$(inherited)",
					"@executable_path/Frameworks",
				);
				MARKETING_VERSION = 1.0;
				PRODUCT_BUNDLE_IDENTIFIER = com.ln.LearnConstraint;
				PRODUCT_NAME = "$(TARGET_NAME)";
				SWIFT_EMIT_LOC_STRINGS = YES;
				SWIFT_VERSION = 5.0;
				TARGETED_DEVICE_FAMILY = "1,2";
			};
			name = Release;
		};
/* End XCBuildConfiguration section */

/* Begin XCConfigurationList section */
		084A799128E541EA00846FB3 /* Build configuration list for PBXProject "LearnConstraint" */ = {
			isa = XCConfigurationList;
			buildConfigurations = (
				084A79A828E541ED00846FB3 /* Debug */,
				084A79A928E541ED00846FB3 /* Release */,
			);
			defaultConfigurationIsVisible = 0;
			defaultConfigurationName = Release;
		};
		084A79AA28E541ED00846FB3 /* Build configuration list for PBXNativeTarget "LearnConstraint" */ = {
			isa = XCConfigurationList;
			buildConfigurations = (
				084A79AB28E541ED00846FB3 /* Debug */,
				084A79AC28E541ED00846FB3 /* Release */,
			);
			defaultConfigurationIsVisible = 0;
			defaultConfigurationName = Release;
		};
/* End XCConfigurationList section */
	};
	rootObject = 084A798E28E541EA00846FB3 /* Project object */;
}
